
Microsoft Visual Studio Solution File, Format Version 12.00
# Visual Studio Version 16
VisualStudioVersion = 16.0.31025.194
MinimumVisualStudioVersion = 10.0.40219.1
Project("{FAE04EC0-301F-11D3-BF4B-00C04F79EFBC}") = "Book", "Book\Book.csproj", "{7747A3CF-4A44-4162-9C5B-1E17F05D2310}"
EndProject
Global
	GlobalSection(SolutionConfigurationPlatforms) = preSolution
		Debug|Any CPU = Debug|Any CPU
		Release|Any CPU = Release|Any CPU
	EndGlobalSection
	GlobalSection(ProjectConfigurationPlatforms) = postSolution
		{7747A3CF-4A44-4162-9C5B-1E17F05D2310}.Debug|Any CPU.ActiveCfg = Debug|Any CPU
		{7747A3CF-4A44-4162-9C5B-1E17F05D2310}.Debug|Any CPU.Build.0 = Debug|Any CPU
		{7747A3CF-4A44-4162-9C5B-1E17F05D2310}.Release|Any CPU.ActiveCfg = Release|Any CPU
		{7747A3CF-4A44-4162-9C5B-1E17F05D2310}.Release|Any CPU.Build.0 = Release|Any CPU
	EndGlobalSection
	GlobalSection(SolutionProperties) = preSolution
		HideSolutionNode = FALSE
	EndGlobalSection
	GlobalSection(ExtensibilityGlobals) = postSolution
		SolutionGuid = {F18E73D0-0E0B-433F-8588-BEC40FFC5A40}
	EndGlobalSection
EndGlobal
